
Microsoft Visual Studio Solution File, Format Version 12.00
# Visual Studio 15
VisualStudioVersion = 15.0.28307.1525
MinimumVisualStudioVersion = 10.0.40219.1
Project("{8BC9CEB8-8B4A-11D0-8D11-00A0C91BC942}") = "raspberry", "raspberry\raspberry.vcxproj", "{41418D67-D67E-4997-896A-4E4F24A1CB6A}"
EndProject
Project("{8BC9CEB8-8B4A-11D0-8D11-00A0C91BC942}") = "sketch", "sketch\sketch.vcxproj", "{E493E130-7954-414F-9331-35E1AD90CFAC}"
EndProject
Global
	GlobalSection(SolutionConfigurationPlatforms) = preSolution
		Debug|ARM = Debug|ARM
		Debug|ARM64 = Debug|ARM64
		Debug|x64 = Debug|x64
		Debug|x86 = Debug|x86
		Release|ARM = Release|ARM
		Release|ARM64 = Release|ARM64
		Release|x64 = Release|x64
		Release|x86 = Release|x86
	EndGlobalSection
	GlobalSection(ProjectConfigurationPlatforms) = postSolution
		{41418D67-D67E-4997-896A-4E4F24A1CB6A}.Debug|ARM.ActiveCfg = Debug|ARM
		{41418D67-D67E-4997-896A-4E4F24A1CB6A}.Debug|ARM.Build.0 = Debug|ARM
		{41418D67-D67E-4997-896A-4E4F24A1CB6A}.Debug|ARM64.ActiveCfg = Debug|ARM64
		{41418D67-D67E-4997-896A-4E4F24A1CB6A}.Debug|ARM64.Build.0 = Debug|ARM64
		{41418D67-D67E-4997-896A-4E4F24A1CB6A}.Debug|x64.ActiveCfg = Debug|ARM
		{41418D67-D67E-4997-896A-4E4F24A1CB6A}.Debug|x86.ActiveCfg = Debug|ARM
		{41418D67-D67E-4997-896A-4E4F24A1CB6A}.Release|ARM.ActiveCfg = Release|ARM
		{41418D67-D67E-4997-896A-4E4F24A1CB6A}.Release|ARM.Build.0 = Release|ARM
		{41418D67-D67E-4997-896A-4E4F24A1CB6A}.Release|ARM64.ActiveCfg = Release|ARM64
		{41418D67-D67E-4997-896A-4E4F24A1CB6A}.Release|ARM64.Build.0 = Release|ARM64
		{41418D67-D67E-4997-896A-4E4F24A1CB6A}.Release|x64.ActiveCfg = Release|ARM
		{41418D67-D67E-4997-896A-4E4F24A1CB6A}.Release|x86.ActiveCfg = Release|ARM
		{E493E130-7954-414F-9331-35E1AD90CFAC}.Debug|ARM.ActiveCfg = Debug|ARM
		{E493E130-7954-414F-9331-35E1AD90CFAC}.Debug|ARM.Build.0 = Debug|ARM
		{E493E130-7954-414F-9331-35E1AD90CFAC}.Debug|ARM64.ActiveCfg = Debug|ARM64
		{E493E130-7954-414F-9331-35E1AD90CFAC}.Debug|ARM64.Build.0 = Debug|ARM64
		{E493E130-7954-414F-9331-35E1AD90CFAC}.Debug|x64.ActiveCfg = Debug|x64
		{E493E130-7954-414F-9331-35E1AD90CFAC}.Debug|x64.Build.0 = Debug|x64
		{E493E130-7954-414F-9331-35E1AD90CFAC}.Debug|x86.ActiveCfg = Debug|x86
		{E493E130-7954-414F-9331-35E1AD90CFAC}.Debug|x86.Build.0 = Debug|x86
		{E493E130-7954-414F-9331-35E1AD90CFAC}.Release|ARM.ActiveCfg = Release|ARM
		{E493E130-7954-414F-9331-35E1AD90CFAC}.Release|ARM.Build.0 = Release|ARM
		{E493E130-7954-414F-9331-35E1AD90CFAC}.Release|ARM64.ActiveCfg = Release|ARM64
		{E493E130-7954-414F-9331-35E1AD90CFAC}.Release|ARM64.Build.0 = Release|ARM64
		{E493E130-7954-414F-9331-35E1AD90CFAC}.Release|x64.ActiveCfg = Release|x64
		{E493E130-7954-414F-9331-35E1AD90CFAC}.Release|x64.Build.0 = Release|x64
		{E493E130-7954-414F-9331-35E1AD90CFAC}.Release|x86.ActiveCfg = Release|x86
		{E493E130-7954-414F-9331-35E1AD90CFAC}.Release|x86.Build.0 = Release|x86
	EndGlobalSection
	GlobalSection(SolutionProperties) = preSolution
		HideSolutionNode = FALSE
	EndGlobalSection
	GlobalSection(ExtensibilityGlobals) = postSolution
		SolutionGuid = {5E9C8AE1-FE8D-4C10-B8CE-DFF458103398}
	EndGlobalSection
EndGlobal
